{
    "_readme": [
        "This file locks the dependencies of your project to a known state",
        "Read more about it at https://getcomposer.org/doc/01-basic-usage.md#installing-dependencies",
        "This file is @generated automatically"
    ],
    "content-hash": "72f2ce8d31a48f14c59b2d55f4b9c590",
    "packages": [
        {
            "name": "wieni/wienimal_services",
            "version": "dev-release/v3",
            "source": {
                "type": "git",
                "url": "https://github.com/wieni/wienimal_services.git",
                "reference": "1552520148fcf62f1e2b37aa348ac84e38d62681"
            },
            "dist": {
                "type": "zip",
                "url": "https://api.github.com/repos/wieni/wienimal_services/zipball/1552520148fcf62f1e2b37aa348ac84e38d62681",
                "reference": "1552520148fcf62f1e2b37aa348ac84e38d62681",
                "shasum": ""
            },
            "type": "drupal-module",
            "notification-url": "https://packagist.org/downloads/",
            "license": [
                "MIT"
            ],
            "authors": [
                {
                    "name": "Dieter Holvoet",
                    "email": "dieter@wieni.be"
                }
            ],
            "description": "Provides services for the Wienimal theme",
            "time": "2019-04-10T13:07:26+00:00"
        }
    ],
    "packages-dev": [],
    "aliases": [],
    "minimum-stability": "dev",
    "stability-flags": {
        "wieni/wienimal_services": 20
    },
    "prefer-stable": true,
    "prefer-lowest": false,
    "platform": [],
    "platform-dev": []
}
