{
    "_readme": [
        "This file locks the dependencies of your project to a known state",
        "Read more about it at https://getcomposer.org/doc/01-basic-usage.md#composer-lock-the-lock-file",
        "This file is @generated automatically"
    ],
    "content-hash": "0d63d287bf879c5a986be8c94d305cfb",
    "packages": [
        {
            "name": "wieni/wienimal_services",
            "version": "2.0.1",
            "source": {
                "type": "git",
                "url": "https://github.com/wieni/wienimal_services.git",
                "reference": "c190c69ed36e54c16304035d6a8c427140410cc1"
            },
            "dist": {
                "type": "zip",
                "url": "https://api.github.com/repos/wieni/wienimal_services/zipball/c190c69ed36e54c16304035d6a8c427140410cc1",
                "reference": "c190c69ed36e54c16304035d6a8c427140410cc1",
                "shasum": ""
            },
            "type": "drupal-module",
            "notification-url": "https://packagist.org/downloads/",
            "license": [
                "MIT"
            ],
            "authors": [
                {
                    "name": "Dieter Holvoet",
                    "email": "dieter@wieni.be"
                }
            ],
            "description": "Provides services for the Wienimal theme",
            "time": "2018-04-12T09:28:50+00:00"
        }
    ],
    "packages-dev": [],
    "aliases": [],
    "minimum-stability": "dev",
    "stability-flags": [],
    "prefer-stable": true,
    "prefer-lowest": false,
    "platform": [],
    "platform-dev": []
}
